
Microsoft Visual Studio Solution File, Format Version 12.00
# Visual Studio Version 17
VisualStudioVersion = 17.1.32407.343
MinimumVisualStudioVersion = 10.0.40219.1
Project("{FAE04EC0-301F-11D3-BF4B-00C04F79EFBC}") = "ClubEnj", "ClubEnj\ClubEnj.csproj", "{783555D0-1B67-47A4-A034-D1C6DFB98224}"
EndProject
Project("{FAE04EC0-301F-11D3-BF4B-00C04F79EFBC}") = "club", "club\club.csproj", "{277A8E28-EE89-42CD-855B-EDBE925D5D78}"
EndProject
Project("{FAE04EC0-301F-11D3-BF4B-00C04F79EFBC}") = "API", "API\API.csproj", "{01280CC4-289A-40E6-B1BF-BD8F0EF163DC}"
EndProject
Global
	GlobalSection(SolutionConfigurationPlatforms) = preSolution
		Debug|Any CPU = Debug|Any CPU
		Release|Any CPU = Release|Any CPU
	EndGlobalSection
	GlobalSection(ProjectConfigurationPlatforms) = postSolution
		{783555D0-1B67-47A4-A034-D1C6DFB98224}.Debug|Any CPU.ActiveCfg = Debug|Any CPU
		{783555D0-1B67-47A4-A034-D1C6DFB98224}.Debug|Any CPU.Build.0 = Debug|Any CPU
		{783555D0-1B67-47A4-A034-D1C6DFB98224}.Release|Any CPU.ActiveCfg = Release|Any CPU
		{783555D0-1B67-47A4-A034-D1C6DFB98224}.Release|Any CPU.Build.0 = Release|Any CPU
		{277A8E28-EE89-42CD-855B-EDBE925D5D78}.Debug|Any CPU.ActiveCfg = Debug|Any CPU
		{277A8E28-EE89-42CD-855B-EDBE925D5D78}.Debug|Any CPU.Build.0 = Debug|Any CPU
		{277A8E28-EE89-42CD-855B-EDBE925D5D78}.Release|Any CPU.ActiveCfg = Release|Any CPU
		{277A8E28-EE89-42CD-855B-EDBE925D5D78}.Release|Any CPU.Build.0 = Release|Any CPU
		{01280CC4-289A-40E6-B1BF-BD8F0EF163DC}.Debug|Any CPU.ActiveCfg = Debug|Any CPU
		{01280CC4-289A-40E6-B1BF-BD8F0EF163DC}.Debug|Any CPU.Build.0 = Debug|Any CPU
		{01280CC4-289A-40E6-B1BF-BD8F0EF163DC}.Release|Any CPU.ActiveCfg = Release|Any CPU
		{01280CC4-289A-40E6-B1BF-BD8F0EF163DC}.Release|Any CPU.Build.0 = Release|Any CPU
	EndGlobalSection
	GlobalSection(SolutionProperties) = preSolution
		HideSolutionNode = FALSE
	EndGlobalSection
	GlobalSection(ExtensibilityGlobals) = postSolution
		SolutionGuid = {5806D055-B32B-413A-9681-38BB163149F0}
	EndGlobalSection
EndGlobal
